# THIS IS AN AUTOGENERATED FILE. DO NOT EDIT THIS FILE DIRECTLY.
# yarn lockfile v1


popper.js@^1.0.2, popper.js@^1.14.6:
  version "1.14.6"
  resolved "https://registry.yarnpkg.com/popper.js/-/popper.js-1.14.6.tgz#ab20dd4edf9288b8b3b6531c47c361107b60b4b0"
  integrity sha512-AGwHGQBKumlk/MDfrSOf0JHhJCImdDMcGNoqKmKkU+68GFazv3CQ6q9r7Ja1sKDZmYWTckY/uLyEznheTDycnA==

tooltip.js@^1.3.1:
  version "1.3.1"
  resolved "https://registry.yarnpkg.com/tooltip.js/-/tooltip.js-1.3.1.tgz#f14f18e4ec119c9be198d460db577969e0dc0806"
  integrity sha512-nZQGUM3YfjUlCVw3+RqYcCubIDj5NmtPsQ6Xj1NZvii1KSnPxuQ9d6xvNgsNmsmilwhNcBOmHLhwuSDVYINm0g==
  dependencies:
    popper.js "^1.0.2"
